// !$*UTF8*$!
{
	archiveVersion = 1;
	classes = {
	};
	objectVersion = 48;
	objects = {

/* Begin PBXBuildFile section */
		7A643CF32061E3C700AC119C /* AppDelegate.swift in Sources */ = {isa = PBXBuildFile; fileRef = 7A643CF22061E3C700AC119C /* AppDelegate.swift */; };
		7A643CF52061E3C700AC119C /* ViewController.swift in Sources */ = {isa = PBXBuildFile; fileRef = 7A643CF42061E3C700AC119C /* ViewController.swift */; };
		7A643CF82061E3C700AC119C /* Main.storyboard in Resources */ = {isa = PBXBuildFile; fileRef = 7A643CF62061E3C700AC119C /* Main.storyboard */; };
		7A643CFA2061E3C700AC119C /* Assets.xcassets in Resources */ = {isa = PBXBuildFile; fileRef = 7A643CF92061E3C700AC119C /* Assets.xcassets */; };
		7A643CFD2061E3C700AC119C /* LaunchScreen.storyboard in Resources */ = {isa = PBXBuildFile; fileRef = 7A643CFB2061E3C700AC119C /* LaunchScreen.storyboard */; };
		7A643D062061E49200AC119C /* xMotti.framework in Frameworks */ = {isa = PBXBuildFile; fileRef = 7A643D042061E48E00AC119C /* xMotti.framework */; };
		7A643D072061E49200AC119C /* xMotti.framework in Embed Frameworks */ = {isa = PBXBuildFile; fileRef = 7A643D042061E48E00AC119C /* xMotti.framework */; settings = {ATTRIBUTES = (CodeSignOnCopy, RemoveHeadersOnCopy, ); }; };
		7A643D3A20622C2D00AC119C /* logo@2x.png in Resources */ = {isa = PBXBuildFile; fileRef = 7A643D3920622C2D00AC119C /* logo@2x.png */; };
/* End PBXBuildFile section */

/* Begin PBXCopyFilesBuildPhase section */
		7A643D082061E49200AC119C /* Embed Frameworks */ = {
			isa = PBXCopyFilesBuildPhase;
			buildActionMask = 2147483647;
			dstPath = "";
			dstSubfolderSpec = 10;
			files = (
				7A643D072061E49200AC119C /* xMotti.framework in Embed Frameworks */,
			);
			name = "Embed Frameworks";
			runOnlyForDeploymentPostprocessing = 0;
		};
/* End PBXCopyFilesBuildPhase section */

/* Begin PBXFileReference section */
		7A643CEF2061E3C700AC119C /* xMotti-Sample.app */ = {isa = PBXFileReference; explicitFileType = wrapper.application; includeInIndex = 0; path = "xMotti-Sample.app"; sourceTree = BUILT_PRODUCTS_DIR; };
		7A643CF22061E3C700AC119C /* AppDelegate.swift */ = {isa = PBXFileReference; lastKnownFileType = sourcecode.swift; path = AppDelegate.swift; sourceTree = "<group>"; };
		7A643CF42061E3C700AC119C /* ViewController.swift */ = {isa = PBXFileReference; lastKnownFileType = sourcecode.swift; path = ViewController.swift; sourceTree = "<group>"; };
		7A643CF72061E3C700AC119C /* Base */ = {isa = PBXFileReference; lastKnownFileType = file.storyboard; name = Base; path = Base.lproj/Main.storyboard; sourceTree = "<group>"; };
		7A643CF92061E3C700AC119C /* Assets.xcassets */ = {isa = PBXFileReference; lastKnownFileType = folder.assetcatalog; path = Assets.xcassets; sourceTree = "<group>"; };
		7A643CFC2061E3C700AC119C /* Base */ = {isa = PBXFileReference; lastKnownFileType = file.storyboard; name = Base; path = Base.lproj/LaunchScreen.storyboard; sourceTree = "<group>"; };
		7A643CFE2061E3C700AC119C /* Info.plist */ = {isa = PBXFileReference; lastKnownFileType = text.plist.xml; path = Info.plist; sourceTree = "<group>"; };
		7A643D042061E48E00AC119C /* xMotti.framework */ = {isa = PBXFileReference; lastKnownFileType = wrapper.framework; path = xMotti.framework; sourceTree = "<group>"; };
		7A643D3920622C2D00AC119C /* logo@2x.png */ = {isa = PBXFileReference; lastKnownFileType = image.png; path = "logo@2x.png"; sourceTree = "<group>"; };
/* End PBXFileReference section */

/* Begin PBXFrameworksBuildPhase section */
		7A643CEC2061E3C700AC119C /* Frameworks */ = {
			isa = PBXFrameworksBuildPhase;
			buildActionMask = 2147483647;
			files = (
				7A643D062061E49200AC119C /* xMotti.framework in Frameworks */,
			);
			runOnlyForDeploymentPostprocessing = 0;
		};
/* End PBXFrameworksBuildPhase section */

/* Begin PBXGroup section */
		7A643CE62061E3C700AC119C = {
			isa = PBXGroup;
			children = (
				7A643CF12061E3C700AC119C /* xMotti-Sample */,
				7A643CF02061E3C700AC119C /* Products */,
			);
			sourceTree = "<group>";
		};
		7A643CF02061E3C700AC119C /* Products */ = {
			isa = PBXGroup;
			children = (
				7A643CEF2061E3C700AC119C /* xMotti-Sample.app */,
			);
			name = Products;
			sourceTree = "<group>";
		};
		7A643CF12061E3C700AC119C /* xMotti-Sample */ = {
			isa = PBXGroup;
			children = (
				7A643D3820622C2D00AC119C /* Images */,
				7A643D042061E48E00AC119C /* xMotti.framework */,
				7A643CF22061E3C700AC119C /* AppDelegate.swift */,
				7A643CF42061E3C700AC119C /* ViewController.swift */,
				7A643CF62061E3C700AC119C /* Main.storyboard */,
				7A643CF92061E3C700AC119C /* Assets.xcassets */,
				7A643CFB2061E3C700AC119C /* LaunchScreen.storyboard */,
				7A643CFE2061E3C700AC119C /* Info.plist */,
			);
			path = "xMotti-Sample";
			sourceTree = "<group>";
		};
		7A643D3820622C2D00AC119C /* Images */ = {
			isa = PBXGroup;
			children = (
				7A643D3920622C2D00AC119C /* logo@2x.png */,
			);
			path = Images;
			sourceTree = "<group>";
		};
/* End PBXGroup section */

/* Begin PBXNativeTarget section */
		7A643CEE2061E3C700AC119C /* xMotti-Sample */ = {
			isa = PBXNativeTarget;
			buildConfigurationList = 7A643D012061E3C700AC119C /* Build configuration list for PBXNativeTarget "xMotti-Sample" */;
			buildPhases = (
				7A643CEB2061E3C700AC119C /* Sources */,
				7A643CEC2061E3C700AC119C /* Frameworks */,
				7A643CED2061E3C700AC119C /* Resources */,
				7A643D082061E49200AC119C /* Embed Frameworks */,
			);
			buildRules = (
			);
			dependencies = (
			);
			name = "xMotti-Sample";
			productName = "xMotti-Sample";
			productReference = 7A643CEF2061E3C700AC119C /* xMotti-Sample.app */;
			productType = "com.apple.product-type.application";
		};
/* End PBXNativeTarget section */

/* Begin PBXProject section */
		7A643CE72061E3C700AC119C /* Project object */ = {
			isa = PBXProject;
			attributes = {
				LastSwiftUpdateCheck = 0920;
				LastUpgradeCheck = 1020;
				ORGANIZATIONNAME = "Daniel Fernández";
				TargetAttributes = {
					7A643CEE2061E3C700AC119C = {
						CreatedOnToolsVersion = 9.2;
						LastSwiftMigration = 1020;
						ProvisioningStyle = Automatic;
					};
				};
			};
			buildConfigurationList = 7A643CEA2061E3C700AC119C /* Build configuration list for PBXProject "xMotti-Sample" */;
			compatibilityVersion = "Xcode 8.0";
			developmentRegion = en;
			hasScannedForEncodings = 0;
			knownRegions = (
				en,
				Base,
			);
			mainGroup = 7A643CE62061E3C700AC119C;
			productRefGroup = 7A643CF02061E3C700AC119C /* Products */;
			projectDirPath = "";
			projectRoot = "";
			targets = (
				7A643CEE2061E3C700AC119C /* xMotti-Sample */,
			);
		};
/* End PBXProject section */

/* Begin PBXResourcesBuildPhase section */
		7A643CED2061E3C700AC119C /* Resources */ = {
			isa = PBXResourcesBuildPhase;
			buildActionMask = 2147483647;
			files = (
				7A643CFD2061E3C700AC119C /* LaunchScreen.storyboard in Resources */,
				7A643D3A20622C2D00AC119C /* logo@2x.png in Resources */,
				7A643CFA2061E3C700AC119C /* Assets.xcassets in Resources */,
				7A643CF82061E3C700AC119C /* Main.storyboard in Resources */,
			);
			runOnlyForDeploymentPostprocessing = 0;
		};
/* End PBXResourcesBuildPhase section */

/* Begin PBXSourcesBuildPhase section */
		7A643CEB2061E3C700AC119C /* Sources */ = {
			isa = PBXSourcesBuildPhase;
			buildActionMask = 2147483647;
			files = (
				7A643CF52061E3C700AC119C /* ViewController.swift in Sources */,
				7A643CF32061E3C700AC119C /* AppDelegate.swift in Sources */,
			);
			runOnlyForDeploymentPostprocessing = 0;
		};
/* End PBXSourcesBuildPhase section */

/* Begin PBXVariantGroup section */
		7A643CF62061E3C700AC119C /* Main.storyboard */ = {
			isa = PBXVariantGroup;
			children = (
				7A643CF72061E3C700AC119C /* Base */,
			);
			name = Main.storyboard;
			sourceTree = "<group>";
		};
		7A643CFB2061E3C700AC119C /* LaunchScreen.storyboard */ = {
			isa = PBXVariantGroup;
			children = (
				7A643CFC2061E3C700AC119C /* Base */,
			);
			name = LaunchScreen.storyboard;
			sourceTree = "<group>";
		};
/* End PBXVariantGroup section */

/* Begin XCBuildConfiguration section */
		7A643CFF2061E3C700AC119C /* Debug */ = {
			isa = XCBuildConfiguration;
			buildSettings = {
				ALWAYS_SEARCH_USER_PATHS = NO;
				CLANG_ANALYZER_NONNULL = YES;
				CLANG_ANALYZER_NUMBER_OBJECT_CONVERSION = YES_AGGRESSIVE;
				CLANG_CXX_LANGUAGE_STANDARD = "gnu++14";
				CLANG_CXX_LIBRARY = "libc++";
				CLANG_ENABLE_MODULES = YES;
				CLANG_ENABLE_OBJC_ARC = YES;
				CLANG_WARN_BLOCK_CAPTURE_AUTORELEASING = YES;
				CLANG_WARN_BOOL_CONVERSION = YES;
				CLANG_WARN_COMMA = YES;
				CLANG_WARN_CONSTANT_CONVERSION = YES;
				CLANG_WARN_DEPRECATED_OBJC_IMPLEMENTATIONS = YES;
				CLANG_WARN_DIRECT_OBJC_ISA_USAGE = YES_ERROR;
				CLANG_WARN_DOCUMENTATION_COMMENTS = YES;
				CLANG_WARN_EMPTY_BODY = YES;
				CLANG_WARN_ENUM_CONVERSION = YES;
				CLANG_WARN_INFINITE_RECURSION = YES;
				CLANG_WARN_INT_CONVERSION = YES;
				CLANG_WARN_NON_LITERAL_NULL_CONVERSION = YES;
				CLANG_WARN_OBJC_IMPLICIT_RETAIN_SELF = YES;
				CLANG_WARN_OBJC_LITERAL_CONVERSION = YES;
				CLANG_WARN_OBJC_ROOT_CLASS = YES_ERROR;
				CLANG_WARN_RANGE_LOOP_ANALYSIS = YES;
				CLANG_WARN_STRICT_PROTOTYPES = YES;
				CLANG_WARN_SUSPICIOUS_MOVE = YES;
				CLANG_WARN_UNGUARDED_AVAILABILITY = YES_AGGRESSIVE;
				CLANG_WARN_UNREACHABLE_CODE = YES;
				CLANG_WARN__DUPLICATE_METHOD_MATCH = YES;
				CODE_SIGN_IDENTITY = "iPhone Developer";
				COPY_PHASE_STRIP = NO;
				DEBUG_INFORMATION_FORMAT = dwarf;
				ENABLE_STRICT_OBJC_MSGSEND = YES;
				ENABLE_TESTABILITY = YES;
				GCC_C_LANGUAGE_STANDARD = gnu11;
				GCC_DYNAMIC_NO_PIC = NO;
				GCC_NO_COMMON_BLOCKS = YES;
				GCC_OPTIMIZATION_LEVEL = 0;
				GCC_PREPROCESSOR_DEFINITIONS = (
					"DEBUG=1",
					"$(inherited)",
				);
				GCC_WARN_64_TO_32_BIT_CONVERSION = YES;
				GCC_WARN_ABOUT_RETURN_TYPE = YES_ERROR;
				GCC_WARN_UNDECLARED_SELECTOR = YES;
				GCC_WARN_UNINITIALIZED_AUTOS = YES_AGGRESSIVE;
				GCC_WARN_UNUSED_FUNCTION = YES;
				GCC_WARN_UNUSED_VARIABLE = YES;
				IPHONEOS_DEPLOYMENT_TARGET = 11.2;
				MTL_ENABLE_DEBUG_INFO = YES;
				ONLY_ACTIVE_ARCH = YES;
				SDKROOT = iphoneos;
				SWIFT_ACTIVE_COMPILATION_CONDITIONS = DEBUG;
				SWIFT_OPTIMIZATION_LEVEL = "-Onone";
			};
			name = Debug;
		};
		7A643D002061E3C700AC119C /* Release */ = {
			isa = XCBuildConfiguration;
			buildSettings = {
				ALWAYS_SEARCH_USER_PATHS = NO;
				CLANG_ANALYZER_NONNULL = YES;
				CLANG_ANALYZER_NUMBER_OBJECT_CONVERSION = YES_AGGRESSIVE;
				CLANG_CXX_LANGUAGE_STANDARD = "gnu++14";
				CLANG_CXX_LIBRARY = "libc++";
				CLANG_ENABLE_MODULES = YES;
				CLANG_ENABLE_OBJC_ARC = YES;
				CLANG_WARN_BLOCK_CAPTURE_AUTORELEASING = YES;
				CLANG_WARN_BOOL_CONVERSION = YES;
				CLANG_WARN_COMMA = YES;
				CLANG_WARN_CONSTANT_CONVERSION = YES;
				CLANG_WARN_DEPRECATED_OBJC_IMPLEMENTATIONS = YES;
				CLANG_WARN_DIRECT_OBJC_ISA_USAGE = YES_ERROR;
				CLANG_WARN_DOCUMENTATION_COMMENTS = YES;
				CLANG_WARN_EMPTY_BODY = YES;
				CLANG_WARN_ENUM_CONVERSION = YES;
				CLANG_WARN_INFINITE_RECURSION = YES;
				CLANG_WARN_INT_CONVERSION = YES;
				CLANG_WARN_NON_LITERAL_NULL_CONVERSION = YES;
				CLANG_WARN_OBJC_IMPLICIT_RETAIN_SELF = YES;
				CLANG_WARN_OBJC_LITERAL_CONVERSION = YES;
				CLANG_WARN_OBJC_ROOT_CLASS = YES_ERROR;
				CLANG_WARN_RANGE_LOOP_ANALYSIS = YES;
				CLANG_WARN_STRICT_PROTOTYPES = YES;
				CLANG_WARN_SUSPICIOUS_MOVE = YES;
				CLANG_WARN_UNGUARDED_AVAILABILITY = YES_AGGRESSIVE;
				CLANG_WARN_UNREACHABLE_CODE = YES;
				CLANG_WARN__DUPLICATE_METHOD_MATCH = YES;
				CODE_SIGN_IDENTITY = "iPhone Developer";
				COPY_PHASE_STRIP = NO;
				DEBUG_INFORMATION_FORMAT = "dwarf-with-dsym";
				ENABLE_NS_ASSERTIONS = NO;
				ENABLE_STRICT_OBJC_MSGSEND = YES;
				GCC_C_LANGUAGE_STANDARD = gnu11;
				GCC_NO_COMMON_BLOCKS = YES;
				GCC_WARN_64_TO_32_BIT_CONVERSION = YES;
				GCC_WARN_ABOUT_RETURN_TYPE = YES_ERROR;
				GCC_WARN_UNDECLARED_SELECTOR = YES;
				GCC_WARN_UNINITIALIZED_AUTOS = YES_AGGRESSIVE;
				GCC_WARN_UNUSED_FUNCTION = YES;
				GCC_WARN_UNUSED_VARIABLE = YES;
				IPHONEOS_DEPLOYMENT_TARGET = 11.2;
				MTL_ENABLE_DEBUG_INFO = NO;
				SDKROOT = iphoneos;
				SWIFT_OPTIMIZATION_LEVEL = "-Owholemodule";
				VALIDATE_PRODUCT = YES;
			};
			name = Release;
		};
		7A643D022061E3C700AC119C /* Debug */ = {
			isa = XCBuildConfiguration;
			buildSettings = {
				ASSETCATALOG_COMPILER_APPICON_NAME = AppIcon;
				CODE_SIGN_STYLE = Automatic;
				DEVELOPMENT_TEAM = 8KT8YCCJ4A;
				FRAMEWORK_SEARCH_PATHS = (
					"$(inherited)",
					"$(PROJECT_DIR)/xMotti-Sample",
				);
				INFOPLIST_FILE = "xMotti-Sample/Info.plist";
				LD_RUNPATH_SEARCH_PATHS = "$(inherited) @executable_path/Frameworks";
				PRODUCT_BUNDLE_IDENTIFIER = "mx.app.xMotti-Sample";
				PRODUCT_NAME = "$(TARGET_NAME)";
				SWIFT_VERSION = 5.0;
				TARGETED_DEVICE_FAMILY = "1,2";
			};
			name = Debug;
		};
		7A643D032061E3C700AC119C /* Release */ = {
			isa = XCBuildConfiguration;
			buildSettings = {
				ASSETCATALOG_COMPILER_APPICON_NAME = AppIcon;
				CODE_SIGN_STYLE = Automatic;
				DEVELOPMENT_TEAM = 8KT8YCCJ4A;
				FRAMEWORK_SEARCH_PATHS = (
					"$(inherited)",
					"$(PROJECT_DIR)/xMotti-Sample",
				);
				INFOPLIST_FILE = "xMotti-Sample/Info.plist";
				LD_RUNPATH_SEARCH_PATHS = "$(inherited) @executable_path/Frameworks";
				PRODUCT_BUNDLE_IDENTIFIER = "mx.app.xMotti-Sample";
				PRODUCT_NAME = "$(TARGET_NAME)";
				SWIFT_VERSION = 5.0;
				TARGETED_DEVICE_FAMILY = "1,2";
			};
			name = Release;
		};
/* End XCBuildConfiguration section */

/* Begin XCConfigurationList section */
		7A643CEA2061E3C700AC119C /* Build configuration list for PBXProject "xMotti-Sample" */ = {
			isa = XCConfigurationList;
			buildConfigurations = (
				7A643CFF2061E3C700AC119C /* Debug */,
				7A643D002061E3C700AC119C /* Release */,
			);
			defaultConfigurationIsVisible = 0;
			defaultConfigurationName = Release;
		};
		7A643D012061E3C700AC119C /* Build configuration list for PBXNativeTarget "xMotti-Sample" */ = {
			isa = XCConfigurationList;
			buildConfigurations = (
				7A643D022061E3C700AC119C /* Debug */,
				7A643D032061E3C700AC119C /* Release */,
			);
			defaultConfigurationIsVisible = 0;
			defaultConfigurationName = Release;
		};
/* End XCConfigurationList section */
	};
	rootObject = 7A643CE72061E3C700AC119C /* Project object */;
}
